// !$*UTF8*$!
{
	archiveVersion = 1;
	classes = {
	};
	objectVersion = 56;
	objects = {

/* Begin PBXBuildFile section */
		7E99DE4E2A4A958D00331CAC /* TriviaGameApp.swift in Sources */ = {isa = PBXBuildFile; fileRef = 7E99DE4D2A4A958D00331CAC /* TriviaGameApp.swift */; };
		7E99DE502A4A958D00331CAC /* ContentView.swift in Sources */ = {isa = PBXBuildFile; fileRef = 7E99DE4F2A4A958D00331CAC /* ContentView.swift */; };
		7E99DE522A4A958F00331CAC /* Assets.xcassets in Resources */ = {isa = PBXBuildFile; fileRef = 7E99DE512A4A958F00331CAC /* Assets.xcassets */; };
		7E99DE552A4A958F00331CAC /* Preview Assets.xcassets in Resources */ = {isa = PBXBuildFile; fileRef = 7E99DE542A4A958F00331CAC /* Preview Assets.xcassets */; };
		7E99DE5D2A4A977700331CAC /* PrimaryButton.swift in Sources */ = {isa = PBXBuildFile; fileRef = 7E99DE5C2A4A977700331CAC /* PrimaryButton.swift */; };
		7E99DE602A4A998900331CAC /* Extensions.swift in Sources */ = {isa = PBXBuildFile; fileRef = 7E99DE5F2A4A998900331CAC /* Extensions.swift */; };
		7E99DE622A4A9A2600331CAC /* QuestionView.swift in Sources */ = {isa = PBXBuildFile; fileRef = 7E99DE612A4A9A2600331CAC /* QuestionView.swift */; };
		7E99DE642A4A9AE800331CAC /* ProgressBar.swift in Sources */ = {isa = PBXBuildFile; fileRef = 7E99DE632A4A9AE800331CAC /* ProgressBar.swift */; };
		7E99DE672A4A9CE300331CAC /* Answer.swift in Sources */ = {isa = PBXBuildFile; fileRef = 7E99DE662A4A9CE300331CAC /* Answer.swift */; };
		7E99DE692A4A9D4B00331CAC /* AnswerRow.swift in Sources */ = {isa = PBXBuildFile; fileRef = 7E99DE682A4A9D4B00331CAC /* AnswerRow.swift */; };
		7E99DE6B2A4AA16A00331CAC /* TrivialView.swift in Sources */ = {isa = PBXBuildFile; fileRef = 7E99DE6A2A4AA16A00331CAC /* TrivialView.swift */; };
		7E99DE6D2A4AA66800331CAC /* Trivia.swift in Sources */ = {isa = PBXBuildFile; fileRef = 7E99DE6C2A4AA66800331CAC /* Trivia.swift */; };
		7E99DE6F2A4AA96E00331CAC /* TrivialManager.swift in Sources */ = {isa = PBXBuildFile; fileRef = 7E99DE6E2A4AA96E00331CAC /* TrivialManager.swift */; };
/* End PBXBuildFile section */

/* Begin PBXFileReference section */
		7E99DE4A2A4A958D00331CAC /* TriviaGame.app */ = {isa = PBXFileReference; explicitFileType = wrapper.application; includeInIndex = 0; path = TriviaGame.app; sourceTree = BUILT_PRODUCTS_DIR; };
		7E99DE4D2A4A958D00331CAC /* TriviaGameApp.swift */ = {isa = PBXFileReference; lastKnownFileType = sourcecode.swift; path = TriviaGameApp.swift; sourceTree = "<group>"; };
		7E99DE4F2A4A958D00331CAC /* ContentView.swift */ = {isa = PBXFileReference; lastKnownFileType = sourcecode.swift; path = ContentView.swift; sourceTree = "<group>"; };
		7E99DE512A4A958F00331CAC /* Assets.xcassets */ = {isa = PBXFileReference; lastKnownFileType = folder.assetcatalog; path = Assets.xcassets; sourceTree = "<group>"; };
		7E99DE542A4A958F00331CAC /* Preview Assets.xcassets */ = {isa = PBXFileReference; lastKnownFileType = folder.assetcatalog; path = "Preview Assets.xcassets"; sourceTree = "<group>"; };
		7E99DE5C2A4A977700331CAC /* PrimaryButton.swift */ = {isa = PBXFileReference; lastKnownFileType = sourcecode.swift; path = PrimaryButton.swift; sourceTree = "<group>"; };
		7E99DE5F2A4A998900331CAC /* Extensions.swift */ = {isa = PBXFileReference; lastKnownFileType = sourcecode.swift; path = Extensions.swift; sourceTree = "<group>"; };
		7E99DE612A4A9A2600331CAC /* QuestionView.swift */ = {isa = PBXFileReference; lastKnownFileType = sourcecode.swift; path = QuestionView.swift; sourceTree = "<group>"; };
		7E99DE632A4A9AE800331CAC /* ProgressBar.swift */ = {isa = PBXFileReference; lastKnownFileType = sourcecode.swift; path = ProgressBar.swift; sourceTree = "<group>"; };
		7E99DE662A4A9CE300331CAC /* Answer.swift */ = {isa = PBXFileReference; lastKnownFileType = sourcecode.swift; path = Answer.swift; sourceTree = "<group>"; };
		7E99DE682A4A9D4B00331CAC /* AnswerRow.swift */ = {isa = PBXFileReference; lastKnownFileType = sourcecode.swift; path = AnswerRow.swift; sourceTree = "<group>"; };
		7E99DE6A2A4AA16A00331CAC /* TrivialView.swift */ = {isa = PBXFileReference; lastKnownFileType = sourcecode.swift; path = TrivialView.swift; sourceTree = "<group>"; };
		7E99DE6C2A4AA66800331CAC /* Trivia.swift */ = {isa = PBXFileReference; lastKnownFileType = sourcecode.swift; path = Trivia.swift; sourceTree = "<group>"; };
		7E99DE6E2A4AA96E00331CAC /* TrivialManager.swift */ = {isa = PBXFileReference; lastKnownFileType = sourcecode.swift; path = TrivialManager.swift; sourceTree = "<group>"; };
/* End PBXFileReference section */

/* Begin PBXFrameworksBuildPhase section */
		7E99DE472A4A958D00331CAC /* Frameworks */ = {
			isa = PBXFrameworksBuildPhase;
			buildActionMask = 2147483647;
			files = (
			);
			runOnlyForDeploymentPostprocessing = 0;
		};
/* End PBXFrameworksBuildPhase section */

/* Begin PBXGroup section */
		7E99DE412A4A958D00331CAC = {
			isa = PBXGroup;
			children = (
				7E99DE4C2A4A958D00331CAC /* TriviaGame */,
				7E99DE4B2A4A958D00331CAC /* Products */,
			);
			sourceTree = "<group>";
		};
		7E99DE4B2A4A958D00331CAC /* Products */ = {
			isa = PBXGroup;
			children = (
				7E99DE4A2A4A958D00331CAC /* TriviaGame.app */,
			);
			name = Products;
			sourceTree = "<group>";
		};
		7E99DE4C2A4A958D00331CAC /* TriviaGame */ = {
			isa = PBXGroup;
			children = (
				7E99DE652A4A9CD200331CAC /* Models */,
				7E99DE4D2A4A958D00331CAC /* TriviaGameApp.swift */,
				7E99DE4F2A4A958D00331CAC /* ContentView.swift */,
				7E99DE5E2A4A980900331CAC /* Views */,
				7E99DE5B2A4A975000331CAC /* Components */,
				7E99DE512A4A958F00331CAC /* Assets.xcassets */,
				7E99DE532A4A958F00331CAC /* Preview Content */,
				7E99DE5F2A4A998900331CAC /* Extensions.swift */,
				7E99DE6E2A4AA96E00331CAC /* TrivialManager.swift */,
			);
			path = TriviaGame;
			sourceTree = "<group>";
		};
		7E99DE532A4A958F00331CAC /* Preview Content */ = {
			isa = PBXGroup;
			children = (
				7E99DE542A4A958F00331CAC /* Preview Assets.xcassets */,
			);
			path = "Preview Content";
			sourceTree = "<group>";
		};
		7E99DE5B2A4A975000331CAC /* Components */ = {
			isa = PBXGroup;
			children = (
				7E99DE5C2A4A977700331CAC /* PrimaryButton.swift */,
				7E99DE632A4A9AE800331CAC /* ProgressBar.swift */,
				7E99DE682A4A9D4B00331CAC /* AnswerRow.swift */,
			);
			path = Components;
			sourceTree = "<group>";
		};
		7E99DE5E2A4A980900331CAC /* Views */ = {
			isa = PBXGroup;
			children = (
				7E99DE612A4A9A2600331CAC /* QuestionView.swift */,
				7E99DE6A2A4AA16A00331CAC /* TrivialView.swift */,
			);
			path = Views;
			sourceTree = "<group>";
		};
		7E99DE652A4A9CD200331CAC /* Models */ = {
			isa = PBXGroup;
			children = (
				7E99DE662A4A9CE300331CAC /* Answer.swift */,
				7E99DE6C2A4AA66800331CAC /* Trivia.swift */,
			);
			path = Models;
			sourceTree = "<group>";
		};
/* End PBXGroup section */

/* Begin PBXNativeTarget section */
		7E99DE492A4A958D00331CAC /* TriviaGame */ = {
			isa = PBXNativeTarget;
			buildConfigurationList = 7E99DE582A4A958F00331CAC /* Build configuration list for PBXNativeTarget "TriviaGame" */;
			buildPhases = (
				7E99DE462A4A958D00331CAC /* Sources */,
				7E99DE472A4A958D00331CAC /* Frameworks */,
				7E99DE482A4A958D00331CAC /* Resources */,
			);
			buildRules = (
			);
			dependencies = (
			);
			name = TriviaGame;
			productName = TriviaGame;
			productReference = 7E99DE4A2A4A958D00331CAC /* TriviaGame.app */;
			productType = "com.apple.product-type.application";
		};
/* End PBXNativeTarget section */

/* Begin PBXProject section */
		7E99DE422A4A958D00331CAC /* Project object */ = {
			isa = PBXProject;
			attributes = {
				BuildIndependentTargetsInParallel = 1;
				LastSwiftUpdateCheck = 1420;
				LastUpgradeCheck = 1420;
				TargetAttributes = {
					7E99DE492A4A958D00331CAC = {
						CreatedOnToolsVersion = 14.2;
					};
				};
			};
			buildConfigurationList = 7E99DE452A4A958D00331CAC /* Build configuration list for PBXProject "TriviaGame" */;
			compatibilityVersion = "Xcode 14.0";
			developmentRegion = en;
			hasScannedForEncodings = 0;
			knownRegions = (
				en,
				Base,
			);
			mainGroup = 7E99DE412A4A958D00331CAC;
			productRefGroup = 7E99DE4B2A4A958D00331CAC /* Products */;
			projectDirPath = "";
			projectRoot = "";
			targets = (
				7E99DE492A4A958D00331CAC /* TriviaGame */,
			);
		};
/* End PBXProject section */

/* Begin PBXResourcesBuildPhase section */
		7E99DE482A4A958D00331CAC /* Resources */ = {
			isa = PBXResourcesBuildPhase;
			buildActionMask = 2147483647;
			files = (
				7E99DE552A4A958F00331CAC /* Preview Assets.xcassets in Resources */,
				7E99DE522A4A958F00331CAC /* Assets.xcassets in Resources */,
			);
			runOnlyForDeploymentPostprocessing = 0;
		};
/* End PBXResourcesBuildPhase section */

/* Begin PBXSourcesBuildPhase section */
		7E99DE462A4A958D00331CAC /* Sources */ = {
			isa = PBXSourcesBuildPhase;
			buildActionMask = 2147483647;
			files = (
				7E99DE6B2A4AA16A00331CAC /* TrivialView.swift in Sources */,
				7E99DE622A4A9A2600331CAC /* QuestionView.swift in Sources */,
				7E99DE6D2A4AA66800331CAC /* Trivia.swift in Sources */,
				7E99DE5D2A4A977700331CAC /* PrimaryButton.swift in Sources */,
				7E99DE692A4A9D4B00331CAC /* AnswerRow.swift in Sources */,
				7E99DE6F2A4AA96E00331CAC /* TrivialManager.swift in Sources */,
				7E99DE502A4A958D00331CAC /* ContentView.swift in Sources */,
				7E99DE672A4A9CE300331CAC /* Answer.swift in Sources */,
				7E99DE4E2A4A958D00331CAC /* TriviaGameApp.swift in Sources */,
				7E99DE642A4A9AE800331CAC /* ProgressBar.swift in Sources */,
				7E99DE602A4A998900331CAC /* Extensions.swift in Sources */,
			);
			runOnlyForDeploymentPostprocessing = 0;
		};
/* End PBXSourcesBuildPhase section */

/* Begin XCBuildConfiguration section */
		7E99DE562A4A958F00331CAC /* Debug */ = {
			isa = XCBuildConfiguration;
			buildSettings = {
				ALWAYS_SEARCH_USER_PATHS = NO;
				CLANG_ANALYZER_NONNULL = YES;
				CLANG_ANALYZER_NUMBER_OBJECT_CONVERSION = YES_AGGRESSIVE;
				CLANG_CXX_LANGUAGE_STANDARD = "gnu++20";
				CLANG_ENABLE_MODULES = YES;
				CLANG_ENABLE_OBJC_ARC = YES;
				CLANG_ENABLE_OBJC_WEAK = YES;
				CLANG_WARN_BLOCK_CAPTURE_AUTORELEASING = YES;
				CLANG_WARN_BOOL_CONVERSION = YES;
				CLANG_WARN_COMMA = YES;
				CLANG_WARN_CONSTANT_CONVERSION = YES;
				CLANG_WARN_DEPRECATED_OBJC_IMPLEMENTATIONS = YES;
				CLANG_WARN_DIRECT_OBJC_ISA_USAGE = YES_ERROR;
				CLANG_WARN_DOCUMENTATION_COMMENTS = YES;
				CLANG_WARN_EMPTY_BODY = YES;
				CLANG_WARN_ENUM_CONVERSION = YES;
				CLANG_WARN_INFINITE_RECURSION = YES;
				CLANG_WARN_INT_CONVERSION = YES;
				CLANG_WARN_NON_LITERAL_NULL_CONVERSION = YES;
				CLANG_WARN_OBJC_IMPLICIT_RETAIN_SELF = YES;
				CLANG_WARN_OBJC_LITERAL_CONVERSION = YES;
				CLANG_WARN_OBJC_ROOT_CLASS = YES_ERROR;
				CLANG_WARN_QUOTED_INCLUDE_IN_FRAMEWORK_HEADER = YES;
				CLANG_WARN_RANGE_LOOP_ANALYSIS = YES;
				CLANG_WARN_STRICT_PROTOTYPES = YES;
				CLANG_WARN_SUSPICIOUS_MOVE = YES;
				CLANG_WARN_UNGUARDED_AVAILABILITY = YES_AGGRESSIVE;
				CLANG_WARN_UNREACHABLE_CODE = YES;
				CLANG_WARN__DUPLICATE_METHOD_MATCH = YES;
				COPY_PHASE_STRIP = NO;
				DEBUG_INFORMATION_FORMAT = dwarf;
				ENABLE_STRICT_OBJC_MSGSEND = YES;
				ENABLE_TESTABILITY = YES;
				GCC_C_LANGUAGE_STANDARD = gnu11;
				GCC_DYNAMIC_NO_PIC = NO;
				GCC_NO_COMMON_BLOCKS = YES;
				GCC_OPTIMIZATION_LEVEL = 0;
				GCC_PREPROCESSOR_DEFINITIONS = (
					"DEBUG=1",
					"$(inherited)",
				);
				GCC_WARN_64_TO_32_BIT_CONVERSION = YES;
				GCC_WARN_ABOUT_RETURN_TYPE = YES_ERROR;
				GCC_WARN_UNDECLARED_SELECTOR = YES;
				GCC_WARN_UNINITIALIZED_AUTOS = YES_AGGRESSIVE;
				GCC_WARN_UNUSED_FUNCTION = YES;
				GCC_WARN_UNUSED_VARIABLE = YES;
				IPHONEOS_DEPLOYMENT_TARGET = 16.2;
				MTL_ENABLE_DEBUG_INFO = INCLUDE_SOURCE;
				MTL_FAST_MATH = YES;
				ONLY_ACTIVE_ARCH = YES;
				SDKROOT = iphoneos;
				SWIFT_ACTIVE_COMPILATION_CONDITIONS = DEBUG;
				SWIFT_OPTIMIZATION_LEVEL = "-Onone";
			};
			name = Debug;
		};
		7E99DE572A4A958F00331CAC /* Release */ = {
			isa = XCBuildConfiguration;
			buildSettings = {
				ALWAYS_SEARCH_USER_PATHS = NO;
				CLANG_ANALYZER_NONNULL = YES;
				CLANG_ANALYZER_NUMBER_OBJECT_CONVERSION = YES_AGGRESSIVE;
				CLANG_CXX_LANGUAGE_STANDARD = "gnu++20";
				CLANG_ENABLE_MODULES = YES;
				CLANG_ENABLE_OBJC_ARC = YES;
				CLANG_ENABLE_OBJC_WEAK = YES;
				CLANG_WARN_BLOCK_CAPTURE_AUTORELEASING = YES;
				CLANG_WARN_BOOL_CONVERSION = YES;
				CLANG_WARN_COMMA = YES;
				CLANG_WARN_CONSTANT_CONVERSION = YES;
				CLANG_WARN_DEPRECATED_OBJC_IMPLEMENTATIONS = YES;
				CLANG_WARN_DIRECT_OBJC_ISA_USAGE = YES_ERROR;
				CLANG_WARN_DOCUMENTATION_COMMENTS = YES;
				CLANG_WARN_EMPTY_BODY = YES;
				CLANG_WARN_ENUM_CONVERSION = YES;
				CLANG_WARN_INFINITE_RECURSION = YES;
				CLANG_WARN_INT_CONVERSION = YES;
				CLANG_WARN_NON_LITERAL_NULL_CONVERSION = YES;
				CLANG_WARN_OBJC_IMPLICIT_RETAIN_SELF = YES;
				CLANG_WARN_OBJC_LITERAL_CONVERSION = YES;
				CLANG_WARN_OBJC_ROOT_CLASS = YES_ERROR;
				CLANG_WARN_QUOTED_INCLUDE_IN_FRAMEWORK_HEADER = YES;
				CLANG_WARN_RANGE_LOOP_ANALYSIS = YES;
				CLANG_WARN_STRICT_PROTOTYPES = YES;
				CLANG_WARN_SUSPICIOUS_MOVE = YES;
				CLANG_WARN_UNGUARDED_AVAILABILITY = YES_AGGRESSIVE;
				CLANG_WARN_UNREACHABLE_CODE = YES;
				CLANG_WARN__DUPLICATE_METHOD_MATCH = YES;
				COPY_PHASE_STRIP = NO;
				DEBUG_INFORMATION_FORMAT = "dwarf-with-dsym";
				ENABLE_NS_ASSERTIONS = NO;
				ENABLE_STRICT_OBJC_MSGSEND = YES;
				GCC_C_LANGUAGE_STANDARD = gnu11;
				GCC_NO_COMMON_BLOCKS = YES;
				GCC_WARN_64_TO_32_BIT_CONVERSION = YES;
				GCC_WARN_ABOUT_RETURN_TYPE = YES_ERROR;
				GCC_WARN_UNDECLARED_SELECTOR = YES;
				GCC_WARN_UNINITIALIZED_AUTOS = YES_AGGRESSIVE;
				GCC_WARN_UNUSED_FUNCTION = YES;
				GCC_WARN_UNUSED_VARIABLE = YES;
				IPHONEOS_DEPLOYMENT_TARGET = 16.2;
				MTL_ENABLE_DEBUG_INFO = NO;
				MTL_FAST_MATH = YES;
				SDKROOT = iphoneos;
				SWIFT_COMPILATION_MODE = wholemodule;
				SWIFT_OPTIMIZATION_LEVEL = "-O";
				VALIDATE_PRODUCT = YES;
			};
			name = Release;
		};
		7E99DE592A4A958F00331CAC /* Debug */ = {
			isa = XCBuildConfiguration;
			buildSettings = {
				ASSETCATALOG_COMPILER_APPICON_NAME = AppIcon;
				ASSETCATALOG_COMPILER_GLOBAL_ACCENT_COLOR_NAME = AccentColor;
				CODE_SIGN_STYLE = Automatic;
				CURRENT_PROJECT_VERSION = 1;
				DEVELOPMENT_ASSET_PATHS = "\"TriviaGame/Preview Content\"";
				ENABLE_PREVIEWS = YES;
				GENERATE_INFOPLIST_FILE = YES;
				INFOPLIST_KEY_UIApplicationSceneManifest_Generation = YES;
				INFOPLIST_KEY_UIApplicationSupportsIndirectInputEvents = YES;
				INFOPLIST_KEY_UILaunchScreen_Generation = YES;
				INFOPLIST_KEY_UISupportedInterfaceOrientations_iPad = "UIInterfaceOrientationPortrait UIInterfaceOrientationPortraitUpsideDown UIInterfaceOrientationLandscapeLeft UIInterfaceOrientationLandscapeRight";
				INFOPLIST_KEY_UISupportedInterfaceOrientations_iPhone = "UIInterfaceOrientationPortrait UIInterfaceOrientationLandscapeLeft UIInterfaceOrientationLandscapeRight";
				LD_RUNPATH_SEARCH_PATHS = (
					"$(inherited)",
					"@executable_path/Frameworks",
				);
				MARKETING_VERSION = 1.0;
				PRODUCT_BUNDLE_IDENTIFIER = com.chuday.TriviaGame;
				PRODUCT_NAME = "$(TARGET_NAME)";
				SWIFT_EMIT_LOC_STRINGS = YES;
				SWIFT_VERSION = 5.0;
				TARGETED_DEVICE_FAMILY = "1,2";
			};
			name = Debug;
		};
		7E99DE5A2A4A958F00331CAC /* Release */ = {
			isa = XCBuildConfiguration;
			buildSettings = {
				ASSETCATALOG_COMPILER_APPICON_NAME = AppIcon;
				ASSETCATALOG_COMPILER_GLOBAL_ACCENT_COLOR_NAME = AccentColor;
				CODE_SIGN_STYLE = Automatic;
				CURRENT_PROJECT_VERSION = 1;
				DEVELOPMENT_ASSET_PATHS = "\"TriviaGame/Preview Content\"";
				ENABLE_PREVIEWS = YES;
				GENERATE_INFOPLIST_FILE = YES;
				INFOPLIST_KEY_UIApplicationSceneManifest_Generation = YES;
				INFOPLIST_KEY_UIApplicationSupportsIndirectInputEvents = YES;
				INFOPLIST_KEY_UILaunchScreen_Generation = YES;
				INFOPLIST_KEY_UISupportedInterfaceOrientations_iPad = "UIInterfaceOrientationPortrait UIInterfaceOrientationPortraitUpsideDown UIInterfaceOrientationLandscapeLeft UIInterfaceOrientationLandscapeRight";
				INFOPLIST_KEY_UISupportedInterfaceOrientations_iPhone = "UIInterfaceOrientationPortrait UIInterfaceOrientationLandscapeLeft UIInterfaceOrientationLandscapeRight";
				LD_RUNPATH_SEARCH_PATHS = (
					"$(inherited)",
					"@executable_path/Frameworks",
				);
				MARKETING_VERSION = 1.0;
				PRODUCT_BUNDLE_IDENTIFIER = com.chuday.TriviaGame;
				PRODUCT_NAME = "$(TARGET_NAME)";
				SWIFT_EMIT_LOC_STRINGS = YES;
				SWIFT_VERSION = 5.0;
				TARGETED_DEVICE_FAMILY = "1,2";
			};
			name = Release;
		};
/* End XCBuildConfiguration section */

/* Begin XCConfigurationList section */
		7E99DE452A4A958D00331CAC /* Build configuration list for PBXProject "TriviaGame" */ = {
			isa = XCConfigurationList;
			buildConfigurations = (
				7E99DE562A4A958F00331CAC /* Debug */,
				7E99DE572A4A958F00331CAC /* Release */,
			);
			defaultConfigurationIsVisible = 0;
			defaultConfigurationName = Release;
		};
		7E99DE582A4A958F00331CAC /* Build configuration list for PBXNativeTarget "TriviaGame" */ = {
			isa = XCConfigurationList;
			buildConfigurations = (
				7E99DE592A4A958F00331CAC /* Debug */,
				7E99DE5A2A4A958F00331CAC /* Release */,
			);
			defaultConfigurationIsVisible = 0;
			defaultConfigurationName = Release;
		};
/* End XCConfigurationList section */
	};
	rootObject = 7E99DE422A4A958D00331CAC /* Project object */;
}
